
Microsoft Visual Studio Solution File, Format Version 12.00
# Visual Studio 15
VisualStudioVersion = 15.0.26124.0
MinimumVisualStudioVersion = 15.0.26124.0
Project("{FAE04EC0-301F-11D3-BF4B-00C04F79EFBC}") = "RedisConsole", "RedisConsole\RedisConsole.csproj", "{9E3F036E-3576-4479-BEF0-16750CF84D3F}"
EndProject
Project("{FAE04EC0-301F-11D3-BF4B-00C04F79EFBC}") = "RedisManager", "RedisManager\RedisManager.csproj", "{9B6765C5-C54A-4465-BCC6-4EC6D3E3D2CE}"
EndProject
Global
	GlobalSection(SolutionConfigurationPlatforms) = preSolution
		Debug|Any CPU = Debug|Any CPU
		Debug|x64 = Debug|x64
		Debug|x86 = Debug|x86
		Release|Any CPU = Release|Any CPU
		Release|x64 = Release|x64
		Release|x86 = Release|x86
	EndGlobalSection
	GlobalSection(SolutionProperties) = preSolution
		HideSolutionNode = FALSE
	EndGlobalSection
	GlobalSection(ProjectConfigurationPlatforms) = postSolution
		{9E3F036E-3576-4479-BEF0-16750CF84D3F}.Debug|Any CPU.ActiveCfg = Debug|Any CPU
		{9E3F036E-3576-4479-BEF0-16750CF84D3F}.Debug|Any CPU.Build.0 = Debug|Any CPU
		{9E3F036E-3576-4479-BEF0-16750CF84D3F}.Debug|x64.ActiveCfg = Debug|Any CPU
		{9E3F036E-3576-4479-BEF0-16750CF84D3F}.Debug|x64.Build.0 = Debug|Any CPU
		{9E3F036E-3576-4479-BEF0-16750CF84D3F}.Debug|x86.ActiveCfg = Debug|Any CPU
		{9E3F036E-3576-4479-BEF0-16750CF84D3F}.Debug|x86.Build.0 = Debug|Any CPU
		{9E3F036E-3576-4479-BEF0-16750CF84D3F}.Release|Any CPU.ActiveCfg = Release|Any CPU
		{9E3F036E-3576-4479-BEF0-16750CF84D3F}.Release|Any CPU.Build.0 = Release|Any CPU
		{9E3F036E-3576-4479-BEF0-16750CF84D3F}.Release|x64.ActiveCfg = Release|Any CPU
		{9E3F036E-3576-4479-BEF0-16750CF84D3F}.Release|x64.Build.0 = Release|Any CPU
		{9E3F036E-3576-4479-BEF0-16750CF84D3F}.Release|x86.ActiveCfg = Release|Any CPU
		{9E3F036E-3576-4479-BEF0-16750CF84D3F}.Release|x86.Build.0 = Release|Any CPU
		{9B6765C5-C54A-4465-BCC6-4EC6D3E3D2CE}.Debug|Any CPU.ActiveCfg = Debug|Any CPU
		{9B6765C5-C54A-4465-BCC6-4EC6D3E3D2CE}.Debug|Any CPU.Build.0 = Debug|Any CPU
		{9B6765C5-C54A-4465-BCC6-4EC6D3E3D2CE}.Debug|x64.ActiveCfg = Debug|Any CPU
		{9B6765C5-C54A-4465-BCC6-4EC6D3E3D2CE}.Debug|x64.Build.0 = Debug|Any CPU
		{9B6765C5-C54A-4465-BCC6-4EC6D3E3D2CE}.Debug|x86.ActiveCfg = Debug|Any CPU
		{9B6765C5-C54A-4465-BCC6-4EC6D3E3D2CE}.Debug|x86.Build.0 = Debug|Any CPU
		{9B6765C5-C54A-4465-BCC6-4EC6D3E3D2CE}.Release|Any CPU.ActiveCfg = Release|Any CPU
		{9B6765C5-C54A-4465-BCC6-4EC6D3E3D2CE}.Release|Any CPU.Build.0 = Release|Any CPU
		{9B6765C5-C54A-4465-BCC6-4EC6D3E3D2CE}.Release|x64.ActiveCfg = Release|Any CPU
		{9B6765C5-C54A-4465-BCC6-4EC6D3E3D2CE}.Release|x64.Build.0 = Release|Any CPU
		{9B6765C5-C54A-4465-BCC6-4EC6D3E3D2CE}.Release|x86.ActiveCfg = Release|Any CPU
		{9B6765C5-C54A-4465-BCC6-4EC6D3E3D2CE}.Release|x86.Build.0 = Release|Any CPU
	EndGlobalSection
EndGlobal
